Microsoft Visual Studio Solution File, Format Version 11.00
# Visual Studio 2008

Project("{F17D6BE3-5467-C310-90EB-8D24A72EF2B2}") = "Brick Game", "Assembly-UnityScript.unityproj", "{D6F090D8-D3EE-E856-D20F-9136F701EA87}"
EndProject
Global
	GlobalSection(SolutionConfigurationPlatforms) = preSolution
		Debug|Any CPU = Debug|Any CPU
		Release|Any CPU = Release|Any CPU
	EndGlobalSection
	GlobalSection(ProjectConfigurationPlatforms) = postSolution
		{D6F090D8-D3EE-E856-D20F-9136F701EA87}.Debug|Any CPU.ActiveCfg = Debug|Any CPU
		{D6F090D8-D3EE-E856-D20F-9136F701EA87}.Debug|Any CPU.Build.0 = Debug|Any CPU
		{D6F090D8-D3EE-E856-D20F-9136F701EA87}.Release|Any CPU.ActiveCfg = Release|Any CPU
		{D6F090D8-D3EE-E856-D20F-9136F701EA87}.Release|Any CPU.Build.0 = Release|Any CPU
	EndGlobalSection
	GlobalSection(SolutionProperties) = preSolution
		HideSolutionNode = FALSE
	EndGlobalSection
																														GlobalSection(MonoDevelopProperties) = preSolution
		StartupItem = Assembly-CSharp.csproj
		Policies = $0
		$0.TextStylePolicy = $1
		$1.inheritsSet = null
		$1.scope = text/x-csharp
		$0.CSharpFormattingPolicy = $2
		$2.inheritsSet = Mono
		$2.inheritsScope = text/x-csharp
		$2.scope = text/x-csharp
		$0.TextStylePolicy = $3
		$3.FileWidth = 120
		$3.TabWidth = 4
		$3.EolMarker = Unix
		$3.inheritsSet = Mono
		$3.inheritsScope = text/plain
		$3.scope = text/plain
	EndGlobalSection

EndGlobal
